
Microsoft Visual Studio Solution File, Format Version 12.00
# Visual Studio Version 17
VisualStudioVersion = 17.7.34009.444
MinimumVisualStudioVersion = 10.0.40219.1
Project("{FAE04EC0-301F-11D3-BF4B-00C04F79EFBC}") = "eTickets", "eTickets\eTickets.csproj", "{84379F60-5ABA-4285-ACC9-C61FAE7701B9}"
EndProject
Global
	GlobalSection(SolutionConfigurationPlatforms) = preSolution
		Debug|Any CPU = Debug|Any CPU
		Release|Any CPU = Release|Any CPU
	EndGlobalSection
	GlobalSection(ProjectConfigurationPlatforms) = postSolution
		{84379F60-5ABA-4285-ACC9-C61FAE7701B9}.Debug|Any CPU.ActiveCfg = Debug|Any CPU
		{84379F60-5ABA-4285-ACC9-C61FAE7701B9}.Debug|Any CPU.Build.0 = Debug|Any CPU
		{84379F60-5ABA-4285-ACC9-C61FAE7701B9}.Release|Any CPU.ActiveCfg = Release|Any CPU
		{84379F60-5ABA-4285-ACC9-C61FAE7701B9}.Release|Any CPU.Build.0 = Release|Any CPU
	EndGlobalSection
	GlobalSection(SolutionProperties) = preSolution
		HideSolutionNode = FALSE
	EndGlobalSection
	GlobalSection(ExtensibilityGlobals) = postSolution
		SolutionGuid = {C3F34BF1-FAB7-413E-952B-9C1EAED0554D}
	EndGlobalSection
EndGlobal
